// !$*UTF8*$!
{
	archiveVersion = 1;
	classes = {
	};
	objectVersion = 50;
	objects = {

/* Begin PBXBuildFile section */
		44AA67F523151AD600570C5C /* AppDelegate.swift in Sources */ = {isa = PBXBuildFile; fileRef = 44AA67F423151AD600570C5C /* AppDelegate.swift */; };
		44AA67F723151AD600570C5C /* MainVController.swift in Sources */ = {isa = PBXBuildFile; fileRef = 44AA67F623151AD600570C5C /* MainVController.swift */; };
		44AA67FA23151AD600570C5C /* Main.storyboard in Resources */ = {isa = PBXBuildFile; fileRef = 44AA67F823151AD600570C5C /* Main.storyboard */; };
		44AA67FC23151AD800570C5C /* Assets.xcassets in Resources */ = {isa = PBXBuildFile; fileRef = 44AA67FB23151AD800570C5C /* Assets.xcassets */; };
		44AA67FF23151AD800570C5C /* LaunchScreen.storyboard in Resources */ = {isa = PBXBuildFile; fileRef = 44AA67FD23151AD800570C5C /* LaunchScreen.storyboard */; };
		44AA680A23151E0E00570C5C /* CurrencyTxtField.swift in Sources */ = {isa = PBXBuildFile; fileRef = 44AA680923151E0E00570C5C /* CurrencyTxtField.swift */; };
/* End PBXBuildFile section */

/* Begin PBXFileReference section */
		44AA67F123151AD600570C5C /* Window-Shopper.app */ = {isa = PBXFileReference; explicitFileType = wrapper.application; includeInIndex = 0; path = "Window-Shopper.app"; sourceTree = BUILT_PRODUCTS_DIR; };
		44AA67F423151AD600570C5C /* AppDelegate.swift */ = {isa = PBXFileReference; lastKnownFileType = sourcecode.swift; path = AppDelegate.swift; sourceTree = "<group>"; };
		44AA67F623151AD600570C5C /* MainVController.swift */ = {isa = PBXFileReference; lastKnownFileType = sourcecode.swift; path = MainVController.swift; sourceTree = "<group>"; };
		44AA67F923151AD600570C5C /* Base */ = {isa = PBXFileReference; lastKnownFileType = file.storyboard; name = Base; path = Base.lproj/Main.storyboard; sourceTree = "<group>"; };
		44AA67FB23151AD800570C5C /* Assets.xcassets */ = {isa = PBXFileReference; lastKnownFileType = folder.assetcatalog; path = Assets.xcassets; sourceTree = "<group>"; };
		44AA67FE23151AD800570C5C /* Base */ = {isa = PBXFileReference; lastKnownFileType = file.storyboard; name = Base; path = Base.lproj/LaunchScreen.storyboard; sourceTree = "<group>"; };
		44AA680023151AD800570C5C /* Info.plist */ = {isa = PBXFileReference; lastKnownFileType = text.plist.xml; path = Info.plist; sourceTree = "<group>"; };
		44AA680923151E0E00570C5C /* CurrencyTxtField.swift */ = {isa = PBXFileReference; lastKnownFileType = sourcecode.swift; path = CurrencyTxtField.swift; sourceTree = "<group>"; };
/* End PBXFileReference section */

/* Begin PBXFrameworksBuildPhase section */
		44AA67EE23151AD600570C5C /* Frameworks */ = {
			isa = PBXFrameworksBuildPhase;
			buildActionMask = 2147483647;
			files = (
			);
			runOnlyForDeploymentPostprocessing = 0;
		};
/* End PBXFrameworksBuildPhase section */

/* Begin PBXGroup section */
		44AA67E823151AD600570C5C = {
			isa = PBXGroup;
			children = (
				44AA67F323151AD600570C5C /* Window-Shopper */,
				44AA67F223151AD600570C5C /* Products */,
			);
			sourceTree = "<group>";
		};
		44AA67F223151AD600570C5C /* Products */ = {
			isa = PBXGroup;
			children = (
				44AA67F123151AD600570C5C /* Window-Shopper.app */,
			);
			name = Products;
			sourceTree = "<group>";
		};
		44AA67F323151AD600570C5C /* Window-Shopper */ = {
			isa = PBXGroup;
			children = (
				44AA680823151C3700570C5C /* Support files */,
				44AA680623151C1C00570C5C /* Controller */,
				44AA680723151C2D00570C5C /* View */,
				44AA680023151AD800570C5C /* Info.plist */,
			);
			path = "Window-Shopper";
			sourceTree = "<group>";
		};
		44AA680623151C1C00570C5C /* Controller */ = {
			isa = PBXGroup;
			children = (
				44AA67F623151AD600570C5C /* MainVController.swift */,
			);
			path = Controller;
			sourceTree = "<group>";
		};
		44AA680723151C2D00570C5C /* View */ = {
			isa = PBXGroup;
			children = (
				44AA67F823151AD600570C5C /* Main.storyboard */,
				44AA680923151E0E00570C5C /* CurrencyTxtField.swift */,
			);
			path = View;
			sourceTree = "<group>";
		};
		44AA680823151C3700570C5C /* Support files */ = {
			isa = PBXGroup;
			children = (
				44AA67F423151AD600570C5C /* AppDelegate.swift */,
				44AA67FB23151AD800570C5C /* Assets.xcassets */,
				44AA67FD23151AD800570C5C /* LaunchScreen.storyboard */,
			);
			path = "Support files";
			sourceTree = "<group>";
		};
/* End PBXGroup section */

/* Begin PBXNativeTarget section */
		44AA67F023151AD600570C5C /* Window-Shopper */ = {
			isa = PBXNativeTarget;
			buildConfigurationList = 44AA680323151AD800570C5C /* Build configuration list for PBXNativeTarget "Window-Shopper" */;
			buildPhases = (
				44AA67ED23151AD600570C5C /* Sources */,
				44AA67EE23151AD600570C5C /* Frameworks */,
				44AA67EF23151AD600570C5C /* Resources */,
			);
			buildRules = (
			);
			dependencies = (
			);
			name = "Window-Shopper";
			productName = "Window-Shopper";
			productReference = 44AA67F123151AD600570C5C /* Window-Shopper.app */;
			productType = "com.apple.product-type.application";
		};
/* End PBXNativeTarget section */

/* Begin PBXProject section */
		44AA67E923151AD600570C5C /* Project object */ = {
			isa = PBXProject;
			attributes = {
				LastSwiftUpdateCheck = 1010;
				LastUpgradeCheck = 1010;
				ORGANIZATIONNAME = Winston;
				TargetAttributes = {
					44AA67F023151AD600570C5C = {
						CreatedOnToolsVersion = 10.1;
					};
				};
			};
			buildConfigurationList = 44AA67EC23151AD600570C5C /* Build configuration list for PBXProject "Window-Shopper" */;
			compatibilityVersion = "Xcode 9.3";
			developmentRegion = en;
			hasScannedForEncodings = 0;
			knownRegions = (
				en,
				Base,
			);
			mainGroup = 44AA67E823151AD600570C5C;
			productRefGroup = 44AA67F223151AD600570C5C /* Products */;
			projectDirPath = "";
			projectRoot = "";
			targets = (
				44AA67F023151AD600570C5C /* Window-Shopper */,
			);
		};
/* End PBXProject section */

/* Begin PBXResourcesBuildPhase section */
		44AA67EF23151AD600570C5C /* Resources */ = {
			isa = PBXResourcesBuildPhase;
			buildActionMask = 2147483647;
			files = (
				44AA67FF23151AD800570C5C /* LaunchScreen.storyboard in Resources */,
				44AA67FC23151AD800570C5C /* Assets.xcassets in Resources */,
				44AA67FA23151AD600570C5C /* Main.storyboard in Resources */,
			);
			runOnlyForDeploymentPostprocessing = 0;
		};
/* End PBXResourcesBuildPhase section */

/* Begin PBXSourcesBuildPhase section */
		44AA67ED23151AD600570C5C /* Sources */ = {
			isa = PBXSourcesBuildPhase;
			buildActionMask = 2147483647;
			files = (
				44AA680A23151E0E00570C5C /* CurrencyTxtField.swift in Sources */,
				44AA67F723151AD600570C5C /* MainVController.swift in Sources */,
				44AA67F523151AD600570C5C /* AppDelegate.swift in Sources */,
			);
			runOnlyForDeploymentPostprocessing = 0;
		};
/* End PBXSourcesBuildPhase section */

/* Begin PBXVariantGroup section */
		44AA67F823151AD600570C5C /* Main.storyboard */ = {
			isa = PBXVariantGroup;
			children = (
				44AA67F923151AD600570C5C /* Base */,
			);
			name = Main.storyboard;
			sourceTree = "<group>";
		};
		44AA67FD23151AD800570C5C /* LaunchScreen.storyboard */ = {
			isa = PBXVariantGroup;
			children = (
				44AA67FE23151AD800570C5C /* Base */,
			);
			name = LaunchScreen.storyboard;
			sourceTree = "<group>";
		};
/* End PBXVariantGroup section */

/* Begin XCBuildConfiguration section */
		44AA680123151AD800570C5C /* Debug */ = {
			isa = XCBuildConfiguration;
			buildSettings = {
				ALWAYS_SEARCH_USER_PATHS = NO;
				CLANG_ANALYZER_NONNULL = YES;
				CLANG_ANALYZER_NUMBER_OBJECT_CONVERSION = YES_AGGRESSIVE;
				CLANG_CXX_LANGUAGE_STANDARD = "gnu++14";
				CLANG_CXX_LIBRARY = "libc++";
				CLANG_ENABLE_MODULES = YES;
				CLANG_ENABLE_OBJC_ARC = YES;
				CLANG_ENABLE_OBJC_WEAK = YES;
				CLANG_WARN_BLOCK_CAPTURE_AUTORELEASING = YES;
				CLANG_WARN_BOOL_CONVERSION = YES;
				CLANG_WARN_COMMA = YES;
				CLANG_WARN_CONSTANT_CONVERSION = YES;
				CLANG_WARN_DEPRECATED_OBJC_IMPLEMENTATIONS = YES;
				CLANG_WARN_DIRECT_OBJC_ISA_USAGE = YES_ERROR;
				CLANG_WARN_DOCUMENTATION_COMMENTS = YES;
				CLANG_WARN_EMPTY_BODY = YES;
				CLANG_WARN_ENUM_CONVERSION = YES;
				CLANG_WARN_INFINITE_RECURSION = YES;
				CLANG_WARN_INT_CONVERSION = YES;
				CLANG_WARN_NON_LITERAL_NULL_CONVERSION = YES;
				CLANG_WARN_OBJC_IMPLICIT_RETAIN_SELF = YES;
				CLANG_WARN_OBJC_LITERAL_CONVERSION = YES;
				CLANG_WARN_OBJC_ROOT_CLASS = YES_ERROR;
				CLANG_WARN_RANGE_LOOP_ANALYSIS = YES;
				CLANG_WARN_STRICT_PROTOTYPES = YES;
				CLANG_WARN_SUSPICIOUS_MOVE = YES;
				CLANG_WARN_UNGUARDED_AVAILABILITY = YES_AGGRESSIVE;
				CLANG_WARN_UNREACHABLE_CODE = YES;
				CLANG_WARN__DUPLICATE_METHOD_MATCH = YES;
				CODE_SIGN_IDENTITY = "iPhone Developer";
				COPY_PHASE_STRIP = NO;
				DEBUG_INFORMATION_FORMAT = dwarf;
				ENABLE_STRICT_OBJC_MSGSEND = YES;
				ENABLE_TESTABILITY = YES;
				GCC_C_LANGUAGE_STANDARD = gnu11;
				GCC_DYNAMIC_NO_PIC = NO;
				GCC_NO_COMMON_BLOCKS = YES;
				GCC_OPTIMIZATION_LEVEL = 0;
				GCC_PREPROCESSOR_DEFINITIONS = (
					"DEBUG=1",
					"$(inherited)",
				);
				GCC_WARN_64_TO_32_BIT_CONVERSION = YES;
				GCC_WARN_ABOUT_RETURN_TYPE = YES_ERROR;
				GCC_WARN_UNDECLARED_SELECTOR = YES;
				GCC_WARN_UNINITIALIZED_AUTOS = YES_AGGRESSIVE;
				GCC_WARN_UNUSED_FUNCTION = YES;
				GCC_WARN_UNUSED_VARIABLE = YES;
				IPHONEOS_DEPLOYMENT_TARGET = 12.1;
				MTL_ENABLE_DEBUG_INFO = INCLUDE_SOURCE;
				MTL_FAST_MATH = YES;
				ONLY_ACTIVE_ARCH = YES;
				SDKROOT = iphoneos;
				SWIFT_ACTIVE_COMPILATION_CONDITIONS = DEBUG;
				SWIFT_OPTIMIZATION_LEVEL = "-Onone";
			};
			name = Debug;
		};
		44AA680223151AD800570C5C /* Release */ = {
			isa = XCBuildConfiguration;
			buildSettings = {
				ALWAYS_SEARCH_USER_PATHS = NO;
				CLANG_ANALYZER_NONNULL = YES;
				CLANG_ANALYZER_NUMBER_OBJECT_CONVERSION = YES_AGGRESSIVE;
				CLANG_CXX_LANGUAGE_STANDARD = "gnu++14";
				CLANG_CXX_LIBRARY = "libc++";
				CLANG_ENABLE_MODULES = YES;
				CLANG_ENABLE_OBJC_ARC = YES;
				CLANG_ENABLE_OBJC_WEAK = YES;
				CLANG_WARN_BLOCK_CAPTURE_AUTORELEASING = YES;
				CLANG_WARN_BOOL_CONVERSION = YES;
				CLANG_WARN_COMMA = YES;
				CLANG_WARN_CONSTANT_CONVERSION = YES;
				CLANG_WARN_DEPRECATED_OBJC_IMPLEMENTATIONS = YES;
				CLANG_WARN_DIRECT_OBJC_ISA_USAGE = YES_ERROR;
				CLANG_WARN_DOCUMENTATION_COMMENTS = YES;
				CLANG_WARN_EMPTY_BODY = YES;
				CLANG_WARN_ENUM_CONVERSION = YES;
				CLANG_WARN_INFINITE_RECURSION = YES;
				CLANG_WARN_INT_CONVERSION = YES;
				CLANG_WARN_NON_LITERAL_NULL_CONVERSION = YES;
				CLANG_WARN_OBJC_IMPLICIT_RETAIN_SELF = YES;
				CLANG_WARN_OBJC_LITERAL_CONVERSION = YES;
				CLANG_WARN_OBJC_ROOT_CLASS = YES_ERROR;
				CLANG_WARN_RANGE_LOOP_ANALYSIS = YES;
				CLANG_WARN_STRICT_PROTOTYPES = YES;
				CLANG_WARN_SUSPICIOUS_MOVE = YES;
				CLANG_WARN_UNGUARDED_AVAILABILITY = YES_AGGRESSIVE;
				CLANG_WARN_UNREACHABLE_CODE = YES;
				CLANG_WARN__DUPLICATE_METHOD_MATCH = YES;
				CODE_SIGN_IDENTITY = "iPhone Developer";
				COPY_PHASE_STRIP = NO;
				DEBUG_INFORMATION_FORMAT = "dwarf-with-dsym";
				ENABLE_NS_ASSERTIONS = NO;
				ENABLE_STRICT_OBJC_MSGSEND = YES;
				GCC_C_LANGUAGE_STANDARD = gnu11;
				GCC_NO_COMMON_BLOCKS = YES;
				GCC_WARN_64_TO_32_BIT_CONVERSION = YES;
				GCC_WARN_ABOUT_RETURN_TYPE = YES_ERROR;
				GCC_WARN_UNDECLARED_SELECTOR = YES;
				GCC_WARN_UNINITIALIZED_AUTOS = YES_AGGRESSIVE;
				GCC_WARN_UNUSED_FUNCTION = YES;
				GCC_WARN_UNUSED_VARIABLE = YES;
				IPHONEOS_DEPLOYMENT_TARGET = 12.1;
				MTL_ENABLE_DEBUG_INFO = NO;
				MTL_FAST_MATH = YES;
				SDKROOT = iphoneos;
				SWIFT_COMPILATION_MODE = wholemodule;
				SWIFT_OPTIMIZATION_LEVEL = "-O";
				VALIDATE_PRODUCT = YES;
			};
			name = Release;
		};
		44AA680423151AD800570C5C /* Debug */ = {
			isa = XCBuildConfiguration;
			buildSettings = {
				ASSETCATALOG_COMPILER_APPICON_NAME = AppIcon;
				CODE_SIGN_STYLE = Automatic;
				INFOPLIST_FILE = "Window-Shopper/Info.plist";
				LD_RUNPATH_SEARCH_PATHS = (
					"$(inherited)",
					"@executable_path/Frameworks",
				);
				PRODUCT_BUNDLE_IDENTIFIER = "IDev.Window-Shopper";
				PRODUCT_NAME = "$(TARGET_NAME)";
				SWIFT_VERSION = 4.2;
				TARGETED_DEVICE_FAMILY = "1,2";
			};
			name = Debug;
		};
		44AA680523151AD800570C5C /* Release */ = {
			isa = XCBuildConfiguration;
			buildSettings = {
				ASSETCATALOG_COMPILER_APPICON_NAME = AppIcon;
				CODE_SIGN_STYLE = Automatic;
				INFOPLIST_FILE = "Window-Shopper/Info.plist";
				LD_RUNPATH_SEARCH_PATHS = (
					"$(inherited)",
					"@executable_path/Frameworks",
				);
				PRODUCT_BUNDLE_IDENTIFIER = "IDev.Window-Shopper";
				PRODUCT_NAME = "$(TARGET_NAME)";
				SWIFT_VERSION = 4.2;
				TARGETED_DEVICE_FAMILY = "1,2";
			};
			name = Release;
		};
/* End XCBuildConfiguration section */

/* Begin XCConfigurationList section */
		44AA67EC23151AD600570C5C /* Build configuration list for PBXProject "Window-Shopper" */ = {
			isa = XCConfigurationList;
			buildConfigurations = (
				44AA680123151AD800570C5C /* Debug */,
				44AA680223151AD800570C5C /* Release */,
			);
			defaultConfigurationIsVisible = 0;
			defaultConfigurationName = Release;
		};
		44AA680323151AD800570C5C /* Build configuration list for PBXNativeTarget "Window-Shopper" */ = {
			isa = XCConfigurationList;
			buildConfigurations = (
				44AA680423151AD800570C5C /* Debug */,
				44AA680523151AD800570C5C /* Release */,
			);
			defaultConfigurationIsVisible = 0;
			defaultConfigurationName = Release;
		};
/* End XCConfigurationList section */
	};
	rootObject = 44AA67E923151AD600570C5C /* Project object */;
}
